
Microsoft Visual Studio Solution File, Format Version 12.00
# Visual Studio 2013
VisualStudioVersion = 12.0.31101.0
MinimumVisualStudioVersion = 10.0.40219.1
Project("{FAE04EC0-301F-11D3-BF4B-00C04F79EFBC}") = "Money", "Money.csproj", "{8C7271A6-24B8-4526-B968-02A0DF812798}"
EndProject
Project("{FAE04EC0-301F-11D3-BF4B-00C04F79EFBC}") = "Money.Test", "..\Money.Test\Money.Test.csproj", "{5BBB876F-6DBF-4FEB-B4CC-C3B304A0BA43}"
EndProject
Global
	GlobalSection(SolutionConfigurationPlatforms) = preSolution
		Debug|Any CPU = Debug|Any CPU
		Release|Any CPU = Release|Any CPU
	EndGlobalSection
	GlobalSection(ProjectConfigurationPlatforms) = postSolution
		{8C7271A6-24B8-4526-B968-02A0DF812798}.Debug|Any CPU.ActiveCfg = Debug|Any CPU
		{8C7271A6-24B8-4526-B968-02A0DF812798}.Debug|Any CPU.Build.0 = Debug|Any CPU
		{8C7271A6-24B8-4526-B968-02A0DF812798}.Release|Any CPU.ActiveCfg = Release|Any CPU
		{8C7271A6-24B8-4526-B968-02A0DF812798}.Release|Any CPU.Build.0 = Release|Any CPU
		{5BBB876F-6DBF-4FEB-B4CC-C3B304A0BA43}.Debug|Any CPU.ActiveCfg = Debug|Any CPU
		{5BBB876F-6DBF-4FEB-B4CC-C3B304A0BA43}.Debug|Any CPU.Build.0 = Debug|Any CPU
		{5BBB876F-6DBF-4FEB-B4CC-C3B304A0BA43}.Release|Any CPU.ActiveCfg = Release|Any CPU
		{5BBB876F-6DBF-4FEB-B4CC-C3B304A0BA43}.Release|Any CPU.Build.0 = Release|Any CPU
	EndGlobalSection
	GlobalSection(SolutionProperties) = preSolution
		HideSolutionNode = FALSE
	EndGlobalSection
EndGlobal
